
Microsoft Visual Studio Solution File, Format Version 12.00
# Visual Studio Version 17
VisualStudioVersion = 17.1.31829.281
MinimumVisualStudioVersion = 10.0.40219.1
Project("{9A19103F-16F7-4668-BE54-9A1E7A4F7556}") = "cose", "cose.csproj", "{90CE2536-6995-4E09-A70E-50A540D4B197}"
EndProject
Project("{FAE04EC0-301F-11D3-BF4B-00C04F79EFBC}") = "ClassLibrary1", "..\ClassLibrary1\ClassLibrary1.csproj", "{4ECFCAA2-2C57-4097-83CF-CE67134C5DAE}"
EndProject
Global
	GlobalSection(SolutionConfigurationPlatforms) = preSolution
		Debug|Any CPU = Debug|Any CPU
		Release|Any CPU = Release|Any CPU
	EndGlobalSection
	GlobalSection(ProjectConfigurationPlatforms) = postSolution
		{90CE2536-6995-4E09-A70E-50A540D4B197}.Debug|Any CPU.ActiveCfg = Debug|Any CPU
		{90CE2536-6995-4E09-A70E-50A540D4B197}.Debug|Any CPU.Build.0 = Debug|Any CPU
		{90CE2536-6995-4E09-A70E-50A540D4B197}.Release|Any CPU.ActiveCfg = Release|Any CPU
		{90CE2536-6995-4E09-A70E-50A540D4B197}.Release|Any CPU.Build.0 = Release|Any CPU
		{4ECFCAA2-2C57-4097-83CF-CE67134C5DAE}.Debug|Any CPU.ActiveCfg = Debug|Any CPU
		{4ECFCAA2-2C57-4097-83CF-CE67134C5DAE}.Debug|Any CPU.Build.0 = Debug|Any CPU
		{4ECFCAA2-2C57-4097-83CF-CE67134C5DAE}.Release|Any CPU.ActiveCfg = Release|Any CPU
		{4ECFCAA2-2C57-4097-83CF-CE67134C5DAE}.Release|Any CPU.Build.0 = Release|Any CPU
	EndGlobalSection
	GlobalSection(SolutionProperties) = preSolution
		HideSolutionNode = FALSE
	EndGlobalSection
	GlobalSection(ExtensibilityGlobals) = postSolution
		SolutionGuid = {B730F15F-A4F3-4C46-BDA0-CF4AB9EB5E29}
	EndGlobalSection
EndGlobal
